
Microsoft Visual Studio Solution File, Format Version 12.00
Project("{FAE04EC0-301F-11D3-BF4B-00C04F79EFBC}") = "SiteContagem.WebApp", "SiteContagem.WebApp\SiteContagem.WebApp.csproj", "{C7BD6542-0058-4A44-9A94-6DDD5C41F841}"
EndProject
Global
	GlobalSection(SolutionConfigurationPlatforms) = preSolution
		Debug|Any CPU = Debug|Any CPU
		Release|Any CPU = Release|Any CPU
	EndGlobalSection
	GlobalSection(ProjectConfigurationPlatforms) = postSolution
		{C7BD6542-0058-4A44-9A94-6DDD5C41F841}.Debug|Any CPU.ActiveCfg = Debug|Any CPU
		{C7BD6542-0058-4A44-9A94-6DDD5C41F841}.Debug|Any CPU.Build.0 = Debug|Any CPU
		{C7BD6542-0058-4A44-9A94-6DDD5C41F841}.Release|Any CPU.ActiveCfg = Release|Any CPU
		{C7BD6542-0058-4A44-9A94-6DDD5C41F841}.Release|Any CPU.Build.0 = Release|Any CPU
	EndGlobalSection
EndGlobal
